
Microsoft Visual Studio Solution File, Format Version 12.00
# Visual Studio 15
VisualStudioVersion = 15.0.28307.902
MinimumVisualStudioVersion = 10.0.40219.1
Project("{FAE04EC0-301F-11D3-BF4B-00C04F79EFBC}") = "CoreAPP", "CoreAPP\CoreAPP.csproj", "{4CA53E3F-CDC1-4E50-B2E3-DB643629DE18}"
EndProject
Global
	GlobalSection(SolutionConfigurationPlatforms) = preSolution
		Debug|Any CPU = Debug|Any CPU
		Release|Any CPU = Release|Any CPU
	EndGlobalSection
	GlobalSection(ProjectConfigurationPlatforms) = postSolution
		{4CA53E3F-CDC1-4E50-B2E3-DB643629DE18}.Debug|Any CPU.ActiveCfg = Debug|Any CPU
		{4CA53E3F-CDC1-4E50-B2E3-DB643629DE18}.Debug|Any CPU.Build.0 = Debug|Any CPU
		{4CA53E3F-CDC1-4E50-B2E3-DB643629DE18}.Release|Any CPU.ActiveCfg = Release|Any CPU
		{4CA53E3F-CDC1-4E50-B2E3-DB643629DE18}.Release|Any CPU.Build.0 = Release|Any CPU
	EndGlobalSection
	GlobalSection(SolutionProperties) = preSolution
		HideSolutionNode = FALSE
	EndGlobalSection
	GlobalSection(ExtensibilityGlobals) = postSolution
		SolutionGuid = {2FB808B9-F4DC-493B-90CD-9E451587A51E}
	EndGlobalSection
EndGlobal
